
Microsoft Visual Studio Solution File, Format Version 12.00
# Visual Studio Express 2012 for Windows Desktop
Project("{8BC9CEB8-8B4A-11D0-8D11-00A0C91BC942}") = "JABIA_debug", "JABIA\JABIA.vcxproj", "{645C9A65-BC39-46EC-BA94-87CFBAFAEBF1}"
EndProject
Project("{8BC9CEB8-8B4A-11D0-8D11-00A0C91BC942}") = "JABIA_xpmod", "JABIA_xpmod\JABIA_xpmod.vcxproj", "{C08B3E53-7580-427E-9D82-E4735FB47910}"
EndProject
Project("{8BC9CEB8-8B4A-11D0-8D11-00A0C91BC942}") = "JABIA_character_debugger", "JABIA_character_debugger\JABIA_character_debugger.vcxproj", "{5488AE68-5DEB-457F-9272-29B97FC3C205}"
EndProject
Project("{8BC9CEB8-8B4A-11D0-8D11-00A0C91BC942}") = "JABIA_mod_launcher", "JABIA_mod_launcher\JABIA_mod_launcher.vcxproj", "{7DEF12FC-2577-4C18-859B-F237189FF6C3}"
EndProject
Project("{8BC9CEB8-8B4A-11D0-8D11-00A0C91BC942}") = "JABIA_loot_drop", "JABIA_loot_drop\JABIA_loot_drop.vcxproj", "{769A93CA-3DD1-4CB2-B740-0AE2CF549DEB}"
EndProject
Project("{8BC9CEB8-8B4A-11D0-8D11-00A0C91BC942}") = "JABIA_camera", "JABIA_camera\JABIA_camera.vcxproj", "{F8142DA7-7E20-4E60-9632-C1D1164C96A4}"
EndProject
Global
	GlobalSection(SolutionConfigurationPlatforms) = preSolution
		Debug|Win32 = Debug|Win32
		Release|Win32 = Release|Win32
	EndGlobalSection
	GlobalSection(ProjectConfigurationPlatforms) = postSolution
		{645C9A65-BC39-46EC-BA94-87CFBAFAEBF1}.Debug|Win32.ActiveCfg = Debug|Win32
		{645C9A65-BC39-46EC-BA94-87CFBAFAEBF1}.Debug|Win32.Build.0 = Debug|Win32
		{645C9A65-BC39-46EC-BA94-87CFBAFAEBF1}.Release|Win32.ActiveCfg = Release|Win32
		{645C9A65-BC39-46EC-BA94-87CFBAFAEBF1}.Release|Win32.Build.0 = Release|Win32
		{C08B3E53-7580-427E-9D82-E4735FB47910}.Debug|Win32.ActiveCfg = Debug|Win32
		{C08B3E53-7580-427E-9D82-E4735FB47910}.Debug|Win32.Build.0 = Debug|Win32
		{C08B3E53-7580-427E-9D82-E4735FB47910}.Release|Win32.ActiveCfg = Release|Win32
		{C08B3E53-7580-427E-9D82-E4735FB47910}.Release|Win32.Build.0 = Release|Win32
		{5488AE68-5DEB-457F-9272-29B97FC3C205}.Debug|Win32.ActiveCfg = Debug|Win32
		{5488AE68-5DEB-457F-9272-29B97FC3C205}.Debug|Win32.Build.0 = Debug|Win32
		{5488AE68-5DEB-457F-9272-29B97FC3C205}.Release|Win32.ActiveCfg = Release|Win32
		{5488AE68-5DEB-457F-9272-29B97FC3C205}.Release|Win32.Build.0 = Release|Win32
		{7DEF12FC-2577-4C18-859B-F237189FF6C3}.Debug|Win32.ActiveCfg = Debug|Win32
		{7DEF12FC-2577-4C18-859B-F237189FF6C3}.Debug|Win32.Build.0 = Debug|Win32
		{7DEF12FC-2577-4C18-859B-F237189FF6C3}.Release|Win32.ActiveCfg = Release|Win32
		{7DEF12FC-2577-4C18-859B-F237189FF6C3}.Release|Win32.Build.0 = Release|Win32
		{769A93CA-3DD1-4CB2-B740-0AE2CF549DEB}.Debug|Win32.ActiveCfg = Debug|Win32
		{769A93CA-3DD1-4CB2-B740-0AE2CF549DEB}.Debug|Win32.Build.0 = Debug|Win32
		{769A93CA-3DD1-4CB2-B740-0AE2CF549DEB}.Release|Win32.ActiveCfg = Release|Win32
		{769A93CA-3DD1-4CB2-B740-0AE2CF549DEB}.Release|Win32.Build.0 = Release|Win32
		{F8142DA7-7E20-4E60-9632-C1D1164C96A4}.Debug|Win32.ActiveCfg = Debug|Win32
		{F8142DA7-7E20-4E60-9632-C1D1164C96A4}.Debug|Win32.Build.0 = Debug|Win32
		{F8142DA7-7E20-4E60-9632-C1D1164C96A4}.Release|Win32.ActiveCfg = Release|Win32
		{F8142DA7-7E20-4E60-9632-C1D1164C96A4}.Release|Win32.Build.0 = Release|Win32
	EndGlobalSection
	GlobalSection(SolutionProperties) = preSolution
		HideSolutionNode = FALSE
	EndGlobalSection
EndGlobal
